// !$*UTF8*$!
{
	archiveVersion = 1;
	classes = {
	};
	objectVersion = 46;
	objects = {

/* Begin PBXBuildFile section */
		8F0E32E81CEC0754007C56ED /* AppDelegate.swift in Sources */ = {isa = PBXBuildFile; fileRef = 8F0E32E71CEC0754007C56ED /* AppDelegate.swift */; };
		8F0E32EA1CEC0754007C56ED /* ViewController.swift in Sources */ = {isa = PBXBuildFile; fileRef = 8F0E32E91CEC0754007C56ED /* ViewController.swift */; };
		8F0E32EF1CEC0754007C56ED /* Assets.xcassets in Resources */ = {isa = PBXBuildFile; fileRef = 8F0E32EE1CEC0754007C56ED /* Assets.xcassets */; };
		8F0E32F21CEC0754007C56ED /* LaunchScreen.storyboard in Resources */ = {isa = PBXBuildFile; fileRef = 8F0E32F01CEC0754007C56ED /* LaunchScreen.storyboard */; };
		8F0E32FD1CEC0754007C56ED /* HWRefresh_SwiftTests.swift in Sources */ = {isa = PBXBuildFile; fileRef = 8F0E32FC1CEC0754007C56ED /* HWRefresh_SwiftTests.swift */; };
		8F0E33081CEC0754007C56ED /* HWRefresh_SwiftUITests.swift in Sources */ = {isa = PBXBuildFile; fileRef = 8F0E33071CEC0754007C56ED /* HWRefresh_SwiftUITests.swift */; };
		8F0E33171CEC0898007C56ED /* UIView+Extension.swift in Sources */ = {isa = PBXBuildFile; fileRef = 8F0E33161CEC0898007C56ED /* UIView+Extension.swift */; };
		8F0E33191CEC0AFC007C56ED /* UIScrollView+Extension.swift in Sources */ = {isa = PBXBuildFile; fileRef = 8F0E33181CEC0AFC007C56ED /* UIScrollView+Extension.swift */; };
		8F0E331B1CEC0D00007C56ED /* HWRefreshView.swift in Sources */ = {isa = PBXBuildFile; fileRef = 8F0E331A1CEC0D00007C56ED /* HWRefreshView.swift */; };
/* End PBXBuildFile section */

/* Begin PBXContainerItemProxy section */
		8F0E32F91CEC0754007C56ED /* PBXContainerItemProxy */ = {
			isa = PBXContainerItemProxy;
			containerPortal = 8F0E32DC1CEC0754007C56ED /* Project object */;
			proxyType = 1;
			remoteGlobalIDString = 8F0E32E31CEC0754007C56ED;
			remoteInfo = "HWRefresh-Swift";
		};
		8F0E33041CEC0754007C56ED /* PBXContainerItemProxy */ = {
			isa = PBXContainerItemProxy;
			containerPortal = 8F0E32DC1CEC0754007C56ED /* Project object */;
			proxyType = 1;
			remoteGlobalIDString = 8F0E32E31CEC0754007C56ED;
			remoteInfo = "HWRefresh-Swift";
		};
/* End PBXContainerItemProxy section */

/* Begin PBXFileReference section */
		8F0E32E41CEC0754007C56ED /* HWRefresh-Swift.app */ = {isa = PBXFileReference; explicitFileType = wrapper.application; includeInIndex = 0; path = "HWRefresh-Swift.app"; sourceTree = BUILT_PRODUCTS_DIR; };
		8F0E32E71CEC0754007C56ED /* AppDelegate.swift */ = {isa = PBXFileReference; lastKnownFileType = sourcecode.swift; path = AppDelegate.swift; sourceTree = "<group>"; };
		8F0E32E91CEC0754007C56ED /* ViewController.swift */ = {isa = PBXFileReference; lastKnownFileType = sourcecode.swift; path = ViewController.swift; sourceTree = "<group>"; };
		8F0E32EE1CEC0754007C56ED /* Assets.xcassets */ = {isa = PBXFileReference; lastKnownFileType = folder.assetcatalog; path = Assets.xcassets; sourceTree = "<group>"; };
		8F0E32F11CEC0754007C56ED /* Base */ = {isa = PBXFileReference; lastKnownFileType = file.storyboard; name = Base; path = Base.lproj/LaunchScreen.storyboard; sourceTree = "<group>"; };
		8F0E32F31CEC0754007C56ED /* Info.plist */ = {isa = PBXFileReference; lastKnownFileType = text.plist.xml; path = Info.plist; sourceTree = "<group>"; };
		8F0E32F81CEC0754007C56ED /* HWRefresh-SwiftTests.xctest */ = {isa = PBXFileReference; explicitFileType = wrapper.cfbundle; includeInIndex = 0; path = "HWRefresh-SwiftTests.xctest"; sourceTree = BUILT_PRODUCTS_DIR; };
		8F0E32FC1CEC0754007C56ED /* HWRefresh_SwiftTests.swift */ = {isa = PBXFileReference; lastKnownFileType = sourcecode.swift; path = HWRefresh_SwiftTests.swift; sourceTree = "<group>"; };
		8F0E32FE1CEC0754007C56ED /* Info.plist */ = {isa = PBXFileReference; lastKnownFileType = text.plist.xml; path = Info.plist; sourceTree = "<group>"; };
		8F0E33031CEC0754007C56ED /* HWRefresh-SwiftUITests.xctest */ = {isa = PBXFileReference; explicitFileType = wrapper.cfbundle; includeInIndex = 0; path = "HWRefresh-SwiftUITests.xctest"; sourceTree = BUILT_PRODUCTS_DIR; };
		8F0E33071CEC0754007C56ED /* HWRefresh_SwiftUITests.swift */ = {isa = PBXFileReference; lastKnownFileType = sourcecode.swift; path = HWRefresh_SwiftUITests.swift; sourceTree = "<group>"; };
		8F0E33091CEC0754007C56ED /* Info.plist */ = {isa = PBXFileReference; lastKnownFileType = text.plist.xml; path = Info.plist; sourceTree = "<group>"; };
		8F0E33161CEC0898007C56ED /* UIView+Extension.swift */ = {isa = PBXFileReference; fileEncoding = 4; lastKnownFileType = sourcecode.swift; path = "UIView+Extension.swift"; sourceTree = "<group>"; };
		8F0E33181CEC0AFC007C56ED /* UIScrollView+Extension.swift */ = {isa = PBXFileReference; fileEncoding = 4; lastKnownFileType = sourcecode.swift; path = "UIScrollView+Extension.swift"; sourceTree = "<group>"; };
		8F0E331A1CEC0D00007C56ED /* HWRefreshView.swift */ = {isa = PBXFileReference; fileEncoding = 4; lastKnownFileType = sourcecode.swift; path = HWRefreshView.swift; sourceTree = "<group>"; };
/* End PBXFileReference section */

/* Begin PBXFrameworksBuildPhase section */
		8F0E32E11CEC0754007C56ED /* Frameworks */ = {
			isa = PBXFrameworksBuildPhase;
			buildActionMask = 2147483647;
			files = (
			);
			runOnlyForDeploymentPostprocessing = 0;
		};
		8F0E32F51CEC0754007C56ED /* Frameworks */ = {
			isa = PBXFrameworksBuildPhase;
			buildActionMask = 2147483647;
			files = (
			);
			runOnlyForDeploymentPostprocessing = 0;
		};
		8F0E33001CEC0754007C56ED /* Frameworks */ = {
			isa = PBXFrameworksBuildPhase;
			buildActionMask = 2147483647;
			files = (
			);
			runOnlyForDeploymentPostprocessing = 0;
		};
/* End PBXFrameworksBuildPhase section */

/* Begin PBXGroup section */
		8F0E32DB1CEC0754007C56ED = {
			isa = PBXGroup;
			children = (
				8F0E32E61CEC0754007C56ED /* HWRefresh-Swift */,
				8F0E32FB1CEC0754007C56ED /* HWRefresh-SwiftTests */,
				8F0E33061CEC0754007C56ED /* HWRefresh-SwiftUITests */,
				8F0E32E51CEC0754007C56ED /* Products */,
			);
			sourceTree = "<group>";
		};
		8F0E32E51CEC0754007C56ED /* Products */ = {
			isa = PBXGroup;
			children = (
				8F0E32E41CEC0754007C56ED /* HWRefresh-Swift.app */,
				8F0E32F81CEC0754007C56ED /* HWRefresh-SwiftTests.xctest */,
				8F0E33031CEC0754007C56ED /* HWRefresh-SwiftUITests.xctest */,
			);
			name = Products;
			sourceTree = "<group>";
		};
		8F0E32E61CEC0754007C56ED /* HWRefresh-Swift */ = {
			isa = PBXGroup;
			children = (
				8F0E32E71CEC0754007C56ED /* AppDelegate.swift */,
				8F0E32E91CEC0754007C56ED /* ViewController.swift */,
				8F0E33151CEC0775007C56ED /* HWRefreshSwift */,
				8F0E32EE1CEC0754007C56ED /* Assets.xcassets */,
				8F0E32F01CEC0754007C56ED /* LaunchScreen.storyboard */,
				8F0E32F31CEC0754007C56ED /* Info.plist */,
			);
			path = "HWRefresh-Swift";
			sourceTree = "<group>";
		};
		8F0E32FB1CEC0754007C56ED /* HWRefresh-SwiftTests */ = {
			isa = PBXGroup;
			children = (
				8F0E32FC1CEC0754007C56ED /* HWRefresh_SwiftTests.swift */,
				8F0E32FE1CEC0754007C56ED /* Info.plist */,
			);
			path = "HWRefresh-SwiftTests";
			sourceTree = "<group>";
		};
		8F0E33061CEC0754007C56ED /* HWRefresh-SwiftUITests */ = {
			isa = PBXGroup;
			children = (
				8F0E33071CEC0754007C56ED /* HWRefresh_SwiftUITests.swift */,
				8F0E33091CEC0754007C56ED /* Info.plist */,
			);
			path = "HWRefresh-SwiftUITests";
			sourceTree = "<group>";
		};
		8F0E33151CEC0775007C56ED /* HWRefreshSwift */ = {
			isa = PBXGroup;
			children = (
				8F0E33161CEC0898007C56ED /* UIView+Extension.swift */,
				8F0E33181CEC0AFC007C56ED /* UIScrollView+Extension.swift */,
				8F0E331A1CEC0D00007C56ED /* HWRefreshView.swift */,
			);
			path = HWRefreshSwift;
			sourceTree = "<group>";
		};
/* End PBXGroup section */

/* Begin PBXNativeTarget section */
		8F0E32E31CEC0754007C56ED /* HWRefresh-Swift */ = {
			isa = PBXNativeTarget;
			buildConfigurationList = 8F0E330C1CEC0754007C56ED /* Build configuration list for PBXNativeTarget "HWRefresh-Swift" */;
			buildPhases = (
				8F0E32E01CEC0754007C56ED /* Sources */,
				8F0E32E11CEC0754007C56ED /* Frameworks */,
				8F0E32E21CEC0754007C56ED /* Resources */,
			);
			buildRules = (
			);
			dependencies = (
			);
			name = "HWRefresh-Swift";
			productName = "HWRefresh-Swift";
			productReference = 8F0E32E41CEC0754007C56ED /* HWRefresh-Swift.app */;
			productType = "com.apple.product-type.application";
		};
		8F0E32F71CEC0754007C56ED /* HWRefresh-SwiftTests */ = {
			isa = PBXNativeTarget;
			buildConfigurationList = 8F0E330F1CEC0754007C56ED /* Build configuration list for PBXNativeTarget "HWRefresh-SwiftTests" */;
			buildPhases = (
				8F0E32F41CEC0754007C56ED /* Sources */,
				8F0E32F51CEC0754007C56ED /* Frameworks */,
				8F0E32F61CEC0754007C56ED /* Resources */,
			);
			buildRules = (
			);
			dependencies = (
				8F0E32FA1CEC0754007C56ED /* PBXTargetDependency */,
			);
			name = "HWRefresh-SwiftTests";
			productName = "HWRefresh-SwiftTests";
			productReference = 8F0E32F81CEC0754007C56ED /* HWRefresh-SwiftTests.xctest */;
			productType = "com.apple.product-type.bundle.unit-test";
		};
		8F0E33021CEC0754007C56ED /* HWRefresh-SwiftUITests */ = {
			isa = PBXNativeTarget;
			buildConfigurationList = 8F0E33121CEC0754007C56ED /* Build configuration list for PBXNativeTarget "HWRefresh-SwiftUITests" */;
			buildPhases = (
				8F0E32FF1CEC0754007C56ED /* Sources */,
				8F0E33001CEC0754007C56ED /* Frameworks */,
				8F0E33011CEC0754007C56ED /* Resources */,
			);
			buildRules = (
			);
			dependencies = (
				8F0E33051CEC0754007C56ED /* PBXTargetDependency */,
			);
			name = "HWRefresh-SwiftUITests";
			productName = "HWRefresh-SwiftUITests";
			productReference = 8F0E33031CEC0754007C56ED /* HWRefresh-SwiftUITests.xctest */;
			productType = "com.apple.product-type.bundle.ui-testing";
		};
/* End PBXNativeTarget section */

/* Begin PBXProject section */
		8F0E32DC1CEC0754007C56ED /* Project object */ = {
			isa = PBXProject;
			attributes = {
				LastSwiftUpdateCheck = 0730;
				LastUpgradeCheck = 0730;
				ORGANIZATIONNAME = HuangWay;
				TargetAttributes = {
					8F0E32E31CEC0754007C56ED = {
						CreatedOnToolsVersion = 7.3;
					};
					8F0E32F71CEC0754007C56ED = {
						CreatedOnToolsVersion = 7.3;
						TestTargetID = 8F0E32E31CEC0754007C56ED;
					};
					8F0E33021CEC0754007C56ED = {
						CreatedOnToolsVersion = 7.3;
						TestTargetID = 8F0E32E31CEC0754007C56ED;
					};
				};
			};
			buildConfigurationList = 8F0E32DF1CEC0754007C56ED /* Build configuration list for PBXProject "HWRefresh-Swift" */;
			compatibilityVersion = "Xcode 3.2";
			developmentRegion = English;
			hasScannedForEncodings = 0;
			knownRegions = (
				en,
				Base,
			);
			mainGroup = 8F0E32DB1CEC0754007C56ED;
			productRefGroup = 8F0E32E51CEC0754007C56ED /* Products */;
			projectDirPath = "";
			projectRoot = "";
			targets = (
				8F0E32E31CEC0754007C56ED /* HWRefresh-Swift */,
				8F0E32F71CEC0754007C56ED /* HWRefresh-SwiftTests */,
				8F0E33021CEC0754007C56ED /* HWRefresh-SwiftUITests */,
			);
		};
/* End PBXProject section */

/* Begin PBXResourcesBuildPhase section */
		8F0E32E21CEC0754007C56ED /* Resources */ = {
			isa = PBXResourcesBuildPhase;
			buildActionMask = 2147483647;
			files = (
				8F0E32F21CEC0754007C56ED /* LaunchScreen.storyboard in Resources */,
				8F0E32EF1CEC0754007C56ED /* Assets.xcassets in Resources */,
			);
			runOnlyForDeploymentPostprocessing = 0;
		};
		8F0E32F61CEC0754007C56ED /* Resources */ = {
			isa = PBXResourcesBuildPhase;
			buildActionMask = 2147483647;
			files = (
			);
			runOnlyForDeploymentPostprocessing = 0;
		};
		8F0E33011CEC0754007C56ED /* Resources */ = {
			isa = PBXResourcesBuildPhase;
			buildActionMask = 2147483647;
			files = (
			);
			runOnlyForDeploymentPostprocessing = 0;
		};
/* End PBXResourcesBuildPhase section */

/* Begin PBXSourcesBuildPhase section */
		8F0E32E01CEC0754007C56ED /* Sources */ = {
			isa = PBXSourcesBuildPhase;
			buildActionMask = 2147483647;
			files = (
				8F0E33171CEC0898007C56ED /* UIView+Extension.swift in Sources */,
				8F0E32EA1CEC0754007C56ED /* ViewController.swift in Sources */,
				8F0E331B1CEC0D00007C56ED /* HWRefreshView.swift in Sources */,
				8F0E32E81CEC0754007C56ED /* AppDelegate.swift in Sources */,
				8F0E33191CEC0AFC007C56ED /* UIScrollView+Extension.swift in Sources */,
			);
			runOnlyForDeploymentPostprocessing = 0;
		};
		8F0E32F41CEC0754007C56ED /* Sources */ = {
			isa = PBXSourcesBuildPhase;
			buildActionMask = 2147483647;
			files = (
				8F0E32FD1CEC0754007C56ED /* HWRefresh_SwiftTests.swift in Sources */,
			);
			runOnlyForDeploymentPostprocessing = 0;
		};
		8F0E32FF1CEC0754007C56ED /* Sources */ = {
			isa = PBXSourcesBuildPhase;
			buildActionMask = 2147483647;
			files = (
				8F0E33081CEC0754007C56ED /* HWRefresh_SwiftUITests.swift in Sources */,
			);
			runOnlyForDeploymentPostprocessing = 0;
		};
/* End PBXSourcesBuildPhase section */

/* Begin PBXTargetDependency section */
		8F0E32FA1CEC0754007C56ED /* PBXTargetDependency */ = {
			isa = PBXTargetDependency;
			target = 8F0E32E31CEC0754007C56ED /* HWRefresh-Swift */;
			targetProxy = 8F0E32F91CEC0754007C56ED /* PBXContainerItemProxy */;
		};
		8F0E33051CEC0754007C56ED /* PBXTargetDependency */ = {
			isa = PBXTargetDependency;
			target = 8F0E32E31CEC0754007C56ED /* HWRefresh-Swift */;
			targetProxy = 8F0E33041CEC0754007C56ED /* PBXContainerItemProxy */;
		};
/* End PBXTargetDependency section */

/* Begin PBXVariantGroup section */
		8F0E32F01CEC0754007C56ED /* LaunchScreen.storyboard */ = {
			isa = PBXVariantGroup;
			children = (
				8F0E32F11CEC0754007C56ED /* Base */,
			);
			name = LaunchScreen.storyboard;
			sourceTree = "<group>";
		};
/* End PBXVariantGroup section */

/* Begin XCBuildConfiguration section */
		8F0E330A1CEC0754007C56ED /* Debug */ = {
			isa = XCBuildConfiguration;
			buildSettings = {
				ALWAYS_SEARCH_USER_PATHS = NO;
				CLANG_ANALYZER_NONNULL = YES;
				CLANG_CXX_LANGUAGE_STANDARD = "gnu++0x";
				CLANG_CXX_LIBRARY = "libc++";
				CLANG_ENABLE_MODULES = YES;
				CLANG_ENABLE_OBJC_ARC = YES;
				CLANG_WARN_BOOL_CONVERSION = YES;
				CLANG_WARN_CONSTANT_CONVERSION = YES;
				CLANG_WARN_DIRECT_OBJC_ISA_USAGE = YES_ERROR;
				CLANG_WARN_EMPTY_BODY = YES;
				CLANG_WARN_ENUM_CONVERSION = YES;
				CLANG_WARN_INT_CONVERSION = YES;
				CLANG_WARN_OBJC_ROOT_CLASS = YES_ERROR;
				CLANG_WARN_UNREACHABLE_CODE = YES;
				CLANG_WARN__DUPLICATE_METHOD_MATCH = YES;
				"CODE_SIGN_IDENTITY[sdk=iphoneos*]" = "iPhone Developer";
				COPY_PHASE_STRIP = NO;
				DEBUG_INFORMATION_FORMAT = dwarf;
				ENABLE_STRICT_OBJC_MSGSEND = YES;
				ENABLE_TESTABILITY = YES;
				GCC_C_LANGUAGE_STANDARD = gnu99;
				GCC_DYNAMIC_NO_PIC = NO;
				GCC_NO_COMMON_BLOCKS = YES;
				GCC_OPTIMIZATION_LEVEL = 0;
				GCC_PREPROCESSOR_DEFINITIONS = (
					"DEBUG=1",
					"$(inherited)",
				);
				GCC_WARN_64_TO_32_BIT_CONVERSION = YES;
				GCC_WARN_ABOUT_RETURN_TYPE = YES_ERROR;
				GCC_WARN_UNDECLARED_SELECTOR = YES;
				GCC_WARN_UNINITIALIZED_AUTOS = YES_AGGRESSIVE;
				GCC_WARN_UNUSED_FUNCTION = YES;
				GCC_WARN_UNUSED_VARIABLE = YES;
				IPHONEOS_DEPLOYMENT_TARGET = 9.3;
				MTL_ENABLE_DEBUG_INFO = YES;
				ONLY_ACTIVE_ARCH = YES;
				SDKROOT = iphoneos;
				SWIFT_OPTIMIZATION_LEVEL = "-Onone";
			};
			name = Debug;
		};
		8F0E330B1CEC0754007C56ED /* Release */ = {
			isa = XCBuildConfiguration;
			buildSettings = {
				ALWAYS_SEARCH_USER_PATHS = NO;
				CLANG_ANALYZER_NONNULL = YES;
				CLANG_CXX_LANGUAGE_STANDARD = "gnu++0x";
				CLANG_CXX_LIBRARY = "libc++";
				CLANG_ENABLE_MODULES = YES;
				CLANG_ENABLE_OBJC_ARC = YES;
				CLANG_WARN_BOOL_CONVERSION = YES;
				CLANG_WARN_CONSTANT_CONVERSION = YES;
				CLANG_WARN_DIRECT_OBJC_ISA_USAGE = YES_ERROR;
				CLANG_WARN_EMPTY_BODY = YES;
				CLANG_WARN_ENUM_CONVERSION = YES;
				CLANG_WARN_INT_CONVERSION = YES;
				CLANG_WARN_OBJC_ROOT_CLASS = YES_ERROR;
				CLANG_WARN_UNREACHABLE_CODE = YES;
				CLANG_WARN__DUPLICATE_METHOD_MATCH = YES;
				"CODE_SIGN_IDENTITY[sdk=iphoneos*]" = "iPhone Developer";
				COPY_PHASE_STRIP = NO;
				DEBUG_INFORMATION_FORMAT = "dwarf-with-dsym";
				ENABLE_NS_ASSERTIONS = NO;
				ENABLE_STRICT_OBJC_MSGSEND = YES;
				GCC_C_LANGUAGE_STANDARD = gnu99;
				GCC_NO_COMMON_BLOCKS = YES;
				GCC_WARN_64_TO_32_BIT_CONVERSION = YES;
				GCC_WARN_ABOUT_RETURN_TYPE = YES_ERROR;
				GCC_WARN_UNDECLARED_SELECTOR = YES;
				GCC_WARN_UNINITIALIZED_AUTOS = YES_AGGRESSIVE;
				GCC_WARN_UNUSED_FUNCTION = YES;
				GCC_WARN_UNUSED_VARIABLE = YES;
				IPHONEOS_DEPLOYMENT_TARGET = 9.3;
				MTL_ENABLE_DEBUG_INFO = NO;
				SDKROOT = iphoneos;
				VALIDATE_PRODUCT = YES;
			};
			name = Release;
		};
		8F0E330D1CEC0754007C56ED /* Debug */ = {
			isa = XCBuildConfiguration;
			buildSettings = {
				ASSETCATALOG_COMPILER_APPICON_NAME = AppIcon;
				INFOPLIST_FILE = "HWRefresh-Swift/Info.plist";
				LD_RUNPATH_SEARCH_PATHS = "$(inherited) @executable_path/Frameworks";
				PRODUCT_BUNDLE_IDENTIFIER = "HuangWay.HWRefresh-Swift";
				PRODUCT_NAME = "$(TARGET_NAME)";
			};
			name = Debug;
		};
		8F0E330E1CEC0754007C56ED /* Release */ = {
			isa = XCBuildConfiguration;
			buildSettings = {
				ASSETCATALOG_COMPILER_APPICON_NAME = AppIcon;
				INFOPLIST_FILE = "HWRefresh-Swift/Info.plist";
				LD_RUNPATH_SEARCH_PATHS = "$(inherited) @executable_path/Frameworks";
				PRODUCT_BUNDLE_IDENTIFIER = "HuangWay.HWRefresh-Swift";
				PRODUCT_NAME = "$(TARGET_NAME)";
			};
			name = Release;
		};
		8F0E33101CEC0754007C56ED /* Debug */ = {
			isa = XCBuildConfiguration;
			buildSettings = {
				BUNDLE_LOADER = "$(TEST_HOST)";
				INFOPLIST_FILE = "HWRefresh-SwiftTests/Info.plist";
				LD_RUNPATH_SEARCH_PATHS = "$(inherited) @executable_path/Frameworks @loader_path/Frameworks";
				PRODUCT_BUNDLE_IDENTIFIER = "HuangWay.HWRefresh-SwiftTests";
				PRODUCT_NAME = "$(TARGET_NAME)";
				TEST_HOST = "$(BUILT_PRODUCTS_DIR)/HWRefresh-Swift.app/HWRefresh-Swift";
			};
			name = Debug;
		};
		8F0E33111CEC0754007C56ED /* Release */ = {
			isa = XCBuildConfiguration;
			buildSettings = {
				BUNDLE_LOADER = "$(TEST_HOST)";
				INFOPLIST_FILE = "HWRefresh-SwiftTests/Info.plist";
				LD_RUNPATH_SEARCH_PATHS = "$(inherited) @executable_path/Frameworks @loader_path/Frameworks";
				PRODUCT_BUNDLE_IDENTIFIER = "HuangWay.HWRefresh-SwiftTests";
				PRODUCT_NAME = "$(TARGET_NAME)";
				TEST_HOST = "$(BUILT_PRODUCTS_DIR)/HWRefresh-Swift.app/HWRefresh-Swift";
			};
			name = Release;
		};
		8F0E33131CEC0754007C56ED /* Debug */ = {
			isa = XCBuildConfiguration;
			buildSettings = {
				INFOPLIST_FILE = "HWRefresh-SwiftUITests/Info.plist";
				LD_RUNPATH_SEARCH_PATHS = "$(inherited) @executable_path/Frameworks @loader_path/Frameworks";
				PRODUCT_BUNDLE_IDENTIFIER = "HuangWay.HWRefresh-SwiftUITests";
				PRODUCT_NAME = "$(TARGET_NAME)";
				TEST_TARGET_NAME = "HWRefresh-Swift";
			};
			name = Debug;
		};
		8F0E33141CEC0754007C56ED /* Release */ = {
			isa = XCBuildConfiguration;
			buildSettings = {
				INFOPLIST_FILE = "HWRefresh-SwiftUITests/Info.plist";
				LD_RUNPATH_SEARCH_PATHS = "$(inherited) @executable_path/Frameworks @loader_path/Frameworks";
				PRODUCT_BUNDLE_IDENTIFIER = "HuangWay.HWRefresh-SwiftUITests";
				PRODUCT_NAME = "$(TARGET_NAME)";
				TEST_TARGET_NAME = "HWRefresh-Swift";
			};
			name = Release;
		};
/* End XCBuildConfiguration section */

/* Begin XCConfigurationList section */
		8F0E32DF1CEC0754007C56ED /* Build configuration list for PBXProject "HWRefresh-Swift" */ = {
			isa = XCConfigurationList;
			buildConfigurations = (
				8F0E330A1CEC0754007C56ED /* Debug */,
				8F0E330B1CEC0754007C56ED /* Release */,
			);
			defaultConfigurationIsVisible = 0;
			defaultConfigurationName = Release;
		};
		8F0E330C1CEC0754007C56ED /* Build configuration list for PBXNativeTarget "HWRefresh-Swift" */ = {
			isa = XCConfigurationList;
			buildConfigurations = (
				8F0E330D1CEC0754007C56ED /* Debug */,
				8F0E330E1CEC0754007C56ED /* Release */,
			);
			defaultConfigurationIsVisible = 0;
		};
		8F0E330F1CEC0754007C56ED /* Build configuration list for PBXNativeTarget "HWRefresh-SwiftTests" */ = {
			isa = XCConfigurationList;
			buildConfigurations = (
				8F0E33101CEC0754007C56ED /* Debug */,
				8F0E33111CEC0754007C56ED /* Release */,
			);
			defaultConfigurationIsVisible = 0;
		};
		8F0E33121CEC0754007C56ED /* Build configuration list for PBXNativeTarget "HWRefresh-SwiftUITests" */ = {
			isa = XCConfigurationList;
			buildConfigurations = (
				8F0E33131CEC0754007C56ED /* Debug */,
				8F0E33141CEC0754007C56ED /* Release */,
			);
			defaultConfigurationIsVisible = 0;
		};
/* End XCConfigurationList section */
	};
	rootObject = 8F0E32DC1CEC0754007C56ED /* Project object */;
}
